hash: 299545830ec47f3f8798f458a55f8bde0b174368b7077750afdb952b995c7670
updated: 2018-03-13T15:52:23.0854138-04:00
imports:
- name: github.com/cloudfoundry/gofileutils
  version: 4d0c80011a0f37da1711c184028bc40137cd45af
  subpackages:
  - fileutils
- name: github.com/golang/protobuf
  version: 1e59b77b52bf8e4b449a57e6f79f21226d571845
  subpackages:
  - proto
- name: github.com/pkg/errors
  version: e881fd58d78e04cf6d0de1217f8707c8cc2249bc
- name: github.com/venicegeo/go-cfclient
  version: c9176e1006c04317cbd7f5823d9414db51614001
- name: golang.org/x/net
  version: 5ccada7d0a7ba9aeb5d3aca8d3501b4c2a509fec
  subpackages:
  - context
  - context/ctxhttp
- name: golang.org/x/oauth2
  version: 30785a2c434e431ef7c507b54617d6a951d5f2b4
  subpackages:
  - clientcredentials
  - internal
- name: google.golang.org/appengine
  version: 5bee14b453b4c71be47ec1781b0fa61c2ea182db
  subpackages:
  - internal
  - internal/base
  - internal/datastore
  - internal/log
  - internal/remote_api
  - internal/urlfetch
  - urlfetch
- name: gopkg.in/urfave/cli.v1
  version: cfb38830724cc34fedffe9a2a29fb54fa9169cd1
testImports: []
